{
  "lockfile_version": "1",
  "packages": {
    "git@latest": {
      "last_modified": "2026-03-21T07:29:51Z",
      "resolved": "github:NixOS/nixpkgs/09061f748ee21f68a089cd5d91ec1859cd93d0be#git",
      "source": "devbox-search",
      "version": "2.53.0",
      "systems": {
        "aarch64-darwin": {
          "outputs": [
            {
              "name": "out",
              "path": "/nix/store/6qbj40r0s289k5slmy8yna5x2hfz01wg-git-2.53.0",
              "default": true
            },
            {
              "name": "doc",
              "path": "/nix/store/xp9w7bcl4c78268kn82qdayqglj0zdxa-git-2.53.0-doc"
            }
          ],
          "store_path": "/nix/store/6qbj40r0s289k5slmy8yna5x2hfz01wg-git-2.53.0"
        },
        "aarch64-linux": {
          "outputs": [
            {
              "name": "out",
              "path": "/nix/store/0vbb6j0ppx1w8cw28h7w8s2dzla9j3m6-git-2.53.0",
              "default": true
            },
            {
              "name": "debug",
              "path": "/nix/store/gaj4q67pid2pcy9nvh2ysv4728wxj5m4-git-2.53.0-debug"
            },
            {
              "name": "doc",
              "path": "/nix/store/9mrg9g0w2b4cfdppq3n4zvhkvyixvqpx-git-2.53.0-doc"
            }
          ],
          "store_path": "/nix/store/0vbb6j0ppx1w8cw28h7w8s2dzla9j3m6-git-2.53.0"
        },
        "x86_64-darwin": {
          "outputs": [
            {
              "name": "out",
              "path": "/nix/store/2q2hzaclp1rsj65h21lng7wa26vawhnq-git-2.53.0",
              "default": true
            },
            {
              "name": "doc",
              "path": "/nix/store/yi2mi426la2x7rggv0a0ah11s2dangz4-git-2.53.0-doc"
            }
          ],
          "store_path": "/nix/store/2q2hzaclp1rsj65h21lng7wa26vawhnq-git-2.53.0"
        },
        "x86_64-linux": {
          "outputs": [
            {
              "name": "out",
              "path": "/nix/store/7yvcckar1lzhqnr0xx2n19nsdjd4qa4d-git-2.53.0",
              "default": true
            },
            {
              "name": "debug",
              "path": "/nix/store/9xs1n97fsdbgnk8cxbdx3hqlz6fdaynb-git-2.53.0-debug"
            },
            {
              "name": "doc",
              "path": "/nix/store/rv7cz5lz1qmbdnh3zrpv0j0wa5ivaacq-git-2.53.0-doc"
            }
          ],
          "store_path": "/nix/store/7yvcckar1lzhqnr0xx2n19nsdjd4qa4d-git-2.53.0"
        }
      }
    },
    "github:NixOS/nixpkgs/nixpkgs-unstable": {
      "last_modified": "2026-04-10T03:55:24Z",
      "resolved": "github:NixOS/nixpkgs/9d29d5f667d7467f98efc31881e824fa586c927e?lastModified=1775793324"
    },
    "glibcLocales@latest": {
      "last_modified": "2026-03-21T07:29:51Z",
      "resolved": "github:NixOS/nixpkgs/09061f748ee21f68a089cd5d91ec1859cd93d0be#glibcLocales",
      "source": "devbox-search",
      "version": "2.42-51",
      "systems": {
        "aarch64-linux": {
          "outputs": [
            {
              "name": "out",
              "path": "/nix/store/d4vnp0fbrsvijnx5ac86bbxg3bnblz7k-glibc-locales-2.42-51",
              "default": true
            }
          ],
          "store_path": "/nix/store/d4vnp0fbrsvijnx5ac86bbxg3bnblz7k-glibc-locales-2.42-51"
        },
        "x86_64-linux": {
          "outputs": [
            {
              "name": "out",
              "path": "/nix/store/ld2j2mq254m77hwy22pyvrs861ap1374-glibc-locales-2.42-51",
              "default": true
            }
          ],
          "store_path": "/nix/store/ld2j2mq254m77hwy22pyvrs861ap1374-glibc-locales-2.42-51"
        }
      }
    },
    "gnupg@latest": {
      "last_modified": "2026-04-07T16:32:49Z",
      "resolved": "github:NixOS/nixpkgs/dfd9566f82a6e1d55c30f861879186440614696e#gnupg",
      "source": "devbox-search",
      "version": "2.4.9",
      "systems": {
        "aarch64-darwin": {
          "outputs": [
            {
              "name": "out",
              "path": "/nix/store/cs7lsq42sjhxki6hbpapsd518097rrvb-gnupg-2.4.9",
              "default": true
            },
            {
              "name": "man",
              "path": "/nix/store/7m0pqa5sm0vqwkd2f0kk6xvdk6dksdz0-gnupg-2.4.9-man",
              "default": true
            },
            {
              "name": "info",
              "path": "/nix/store/rimn473sfdpj5q9njxgkl0hppfaq7sgz-gnupg-2.4.9-info"
            },
            {
              "name": "doc",
              "path": "/nix/store/8a8rlryb703asckbj0iaivvjqywnyir8-gnupg-2.4.9-doc"
            }
          ],
          "store_path": "/nix/store/cs7lsq42sjhxki6hbpapsd518097rrvb-gnupg-2.4.9"
        },
        "aarch64-linux": {
          "outputs": [
            {
              "name": "out",
              "path": "/nix/store/z1r3l32v6rpwpf3dvx7ngv625fivwzaa-gnupg-2.4.9",
              "default": true
            },
            {
              "name": "man",
              "path": "/nix/store/cxfrc2wpz5zmn5xy3q9m96r2pbvdz6gk-gnupg-2.4.9-man",
              "default": true
            },
            {
              "name": "doc",
              "path": "/nix/store/sj0q900121b4hb5rn45qr60clraxp886-gnupg-2.4.9-doc"
            },
            {
              "name": "info",
              "path": "/nix/store/lb4z9akp344ank4dchr1vgmzwncmjlwy-gnupg-2.4.9-info"
            }
          ],
          "store_path": "/nix/store/z1r3l32v6rpwpf3dvx7ngv625fivwzaa-gnupg-2.4.9"
        },
        "x86_64-darwin": {
          "outputs": [
            {
              "name": "out",
              "path": "/nix/store/3d6ka64a21n4yvvd5ysbd967qm7gjr0w-gnupg-2.4.9",
              "default": true
            },
            {
              "name": "man",
              "path": "/nix/store/bkgibfda9z8bg8w83m4jvzwxkm49cd50-gnupg-2.4.9-man",
              "default": true
            },
            {
              "name": "doc",
              "path": "/nix/store/yawz04xxv4bapm0b6rgykvkv7yihgmwb-gnupg-2.4.9-doc"
            },
            {
              "name": "info",
              "path": "/nix/store/dgfpk4s7lc7dckf1hvq1bpbl14wymqij-gnupg-2.4.9-info"
            }
          ],
          "store_path": "/nix/store/3d6ka64a21n4yvvd5ysbd967qm7gjr0w-gnupg-2.4.9"
        },
        "x86_64-linux": {
          "outputs": [
            {
              "name": "out",
              "path": "/nix/store/k4d44dcjlqp3xr849x985myp0slfhp9n-gnupg-2.4.9",
              "default": true
            },
            {
              "name": "man",
              "path": "/nix/store/ml9rcdyzh2ys3wndjrc8ykf7l5qph94a-gnupg-2.4.9-man",
              "default": true
            },
            {
              "name": "doc",
              "path": "/nix/store/b34c8zh8zjaaancqnra7n2ds46g3dh1l-gnupg-2.4.9-doc"
            },
            {
              "name": "info",
              "path": "/nix/store/gv5rdjg6ajfdf8y6ffc5j6lqpxmk811z-gnupg-2.4.9-info"
            }
          ],
          "store_path": "/nix/store/k4d44dcjlqp3xr849x985myp0slfhp9n-gnupg-2.4.9"
        }
      }
    },
    "jdk@19": {
      "last_modified": "2024-07-31T08:48:38Z",
      "resolved": "github:NixOS/nixpkgs/c3392ad349a5227f4a3464dce87bcc5046692fce#jdk19",
      "source": "devbox-search",
      "version": "19-ga",
      "systems": {
        "aarch64-darwin": {
          "outputs": [
            {
              "path": "/nix/store/s662ydsj224ai8z89ixdq09cw9ybqgcd-zulu-ca-jdk-19.0.2",
              "default": true
            }
          ]
        },
        "aarch64-linux": {
          "outputs": [
            {
              "name": "out",
              "path": "/nix/store/d9zlyr1qmkfc0k5wd5rfslzi7dii993r-openjdk-19-ga",
              "default": true
            },
            {
              "name": "debug",
              "path": "/nix/store/ik9y5b5xn23s97prygy7dachy80my5cj-openjdk-19-ga-debug"
            }
          ],
          "store_path": "/nix/store/d9zlyr1qmkfc0k5wd5rfslzi7dii993r-openjdk-19-ga"
        },
        "x86_64-linux": {
          "outputs": [
            {
              "name": "out",
              "path": "/nix/store/pa2q5fk7ws1117mmisrzzrpag540jin8-openjdk-19-ga",
              "default": true
            },
            {
              "name": "debug",
              "path": "/nix/store/nkq5ciw3vx8394ipp7fqymqlr5yrscf7-openjdk-19-ga-debug"
            }
          ],
          "store_path": "/nix/store/pa2q5fk7ws1117mmisrzzrpag540jin8-openjdk-19-ga"
        }
      }
    },
    "lastpass-cli@latest": {
      "last_modified": "2026-03-21T07:29:51Z",
      "resolved": "github:NixOS/nixpkgs/09061f748ee21f68a089cd5d91ec1859cd93d0be#lastpass-cli",
      "source": "devbox-search",
      "version": "1.6.1",
      "systems": {
        "aarch64-darwin": {
          "outputs": [
            {
              "name": "out",
              "path": "/nix/store/0cc77czix77jipy22jvs6jpripgzanq1-lastpass-cli-1.6.1",
              "default": true
            }
          ],
          "store_path": "/nix/store/0cc77czix77jipy22jvs6jpripgzanq1-lastpass-cli-1.6.1"
        },
        "aarch64-linux": {
          "outputs": [
            {
              "name": "out",
              "path": "/nix/store/n2lwsa800386pwwmqqdf679mqh488ib6-lastpass-cli-1.6.1",
              "default": true
            }
          ],
          "store_path": "/nix/store/n2lwsa800386pwwmqqdf679mqh488ib6-lastpass-cli-1.6.1"
        },
        "x86_64-darwin": {
          "outputs": [
            {
              "name": "out",
              "path": "/nix/store/2q65pf10axb1l990y57fxk8hzmxcyb2g-lastpass-cli-1.6.1",
              "default": true
            }
          ],
          "store_path": "/nix/store/2q65pf10axb1l990y57fxk8hzmxcyb2g-lastpass-cli-1.6.1"
        },
        "x86_64-linux": {
          "outputs": [
            {
              "name": "out",
              "path": "/nix/store/jsr5mwz4wbwac0183swsv4lvvrhkrfmh-lastpass-cli-1.6.1",
              "default": true
            }
          ],
          "store_path": "/nix/store/jsr5mwz4wbwac0183swsv4lvvrhkrfmh-lastpass-cli-1.6.1"
        }
      }
    },
    "libyaml@latest": {
      "last_modified": "2026-03-21T07:29:51Z",
      "resolved": "github:NixOS/nixpkgs/09061f748ee21f68a089cd5d91ec1859cd93d0be#libyaml",
      "source": "devbox-search",
      "version": "0.2.5",
      "systems": {
        "aarch64-darwin": {
          "outputs": [
            {
              "name": "out",
              "path": "/nix/store/qqa8q98n3hvb2kqz3xvd0m0j22033wy0-libyaml-0.2.5",
              "default": true
            },
            {
              "name": "dev",
              "path": "/nix/store/00yv9nvsx0vswzzihkkl4qk39lb2p1pc-libyaml-0.2.5-dev"
            }
          ],
          "store_path": "/nix/store/qqa8q98n3hvb2kqz3xvd0m0j22033wy0-libyaml-0.2.5"
        },
        "aarch64-linux": {
          "outputs": [
            {
              "name": "out",
              "path": "/nix/store/m4j56in3n01xw1jk5h1qxj5r8i4x2mfb-libyaml-0.2.5",
              "default": true
            },
            {
              "name": "dev",
              "path": "/nix/store/jyvgsbxnppxyvvgga304iw6xlhi39r17-libyaml-0.2.5-dev"
            }
          ],
          "store_path": "/nix/store/m4j56in3n01xw1jk5h1qxj5r8i4x2mfb-libyaml-0.2.5"
        },
        "x86_64-darwin": {
          "outputs": [
            {
              "name": "out",
              "path": "/nix/store/4djwsl28pfclczbkcrdqxlqrcxyvihik-libyaml-0.2.5",
              "default": true
            },
            {
              "name": "dev",
              "path": "/nix/store/6i8a2m6yj122s9r1nyl8grxizq3av6z6-libyaml-0.2.5-dev"
            }
          ],
          "store_path": "/nix/store/4djwsl28pfclczbkcrdqxlqrcxyvihik-libyaml-0.2.5"
        },
        "x86_64-linux": {
          "outputs": [
            {
              "name": "out",
              "path": "/nix/store/fnhs945sa02bg7gki8a3l8r9r44ylx10-libyaml-0.2.5",
              "default": true
            },
            {
              "name": "dev",
              "path": "/nix/store/v9qn9g4fm4818vx30kl7z423vj1mswml-libyaml-0.2.5-dev"
            }
          ],
          "store_path": "/nix/store/fnhs945sa02bg7gki8a3l8r9r44ylx10-libyaml-0.2.5"
        }
      }
    },
    "msgpack@latest": {
      "last_modified": "2025-09-18T16:33:27Z",
      "resolved": "github:NixOS/nixpkgs/f4b140d5b253f5e2a1ff4e5506edbf8267724bde#msgpack",
      "source": "devbox-search",
      "version": "3.3.0",
      "systems": {
        "aarch64-darwin": {
          "outputs": [
            {
              "name": "out",
              "path": "/nix/store/vqdj74fd02s232wjrym8z9w0da5gssgn-msgpack-3.3.0",
              "default": true
            }
          ],
          "store_path": "/nix/store/vqdj74fd02s232wjrym8z9w0da5gssgn-msgpack-3.3.0"
        },
        "aarch64-linux": {
          "outputs": [
            {
              "name": "out",
              "path": "/nix/store/icwbp9r9y1j0hbrqjq7n64m9097hj0yl-msgpack-3.3.0",
              "default": true
            }
          ],
          "store_path": "/nix/store/icwbp9r9y1j0hbrqjq7n64m9097hj0yl-msgpack-3.3.0"
        },
        "x86_64-darwin": {
          "outputs": [
            {
              "name": "out",
              "path": "/nix/store/hf2ycxx8xf0080l1s38csi8a6ims14xw-msgpack-3.3.0",
              "default": true
            }
          ],
          "store_path": "/nix/store/hf2ycxx8xf0080l1s38csi8a6ims14xw-msgpack-3.3.0"
        },
        "x86_64-linux": {
          "outputs": [
            {
              "name": "out",
              "path": "/nix/store/ap55jllgh15mqvpxbqi6zlzqz7bmm2jh-msgpack-3.3.0",
              "default": true
            }
          ],
          "store_path": "/nix/store/ap55jllgh15mqvpxbqi6zlzqz7bmm2jh-msgpack-3.3.0"
        }
      }
    },
    "nodejs@22.12.0": {
      "last_modified": "2025-01-19T08:16:51Z",
      "plugin_version": "0.0.2",
      "resolved": "github:NixOS/nixpkgs/50165c4f7eb48ce82bd063e1fb8047a0f515f8ce#nodejs_22",
      "source": "devbox-search",
      "version": "22.12.0",
      "systems": {
        "aarch64-darwin": {
          "outputs": [
            {
              "name": "out",
              "path": "/nix/store/ygk01vha6k5zxgn9rsxi3k6cm2kbnwsc-nodejs-22.12.0",
              "default": true
            },
            {
              "name": "libv8",
              "path": "/nix/store/hvpmcjbmsyknlpjjd7a8na891fv4a81i-nodejs-22.12.0-libv8"
            }
          ],
          "store_path": "/nix/store/ygk01vha6k5zxgn9rsxi3k6cm2kbnwsc-nodejs-22.12.0"
        },
        "aarch64-linux": {
          "outputs": [
            {
              "name": "out",
              "path": "/nix/store/jdgrvyf5l99rzjayicxjw7i6p98r0rlb-nodejs-22.12.0",
              "default": true
            },
            {
              "name": "libv8",
              "path": "/nix/store/48is8354i9qwj194id0ncczkvzvfqhim-nodejs-22.12.0-libv8"
            }
          ],
          "store_path": "/nix/store/jdgrvyf5l99rzjayicxjw7i6p98r0rlb-nodejs-22.12.0"
        },
        "x86_64-darwin": {
          "outputs": [
            {
              "name": "out",
              "path": "/nix/store/6fnlali5gqihxs02adk1bdzjsya9cacp-nodejs-22.12.0",
              "default": true
            },
            {
              "name": "libv8",
              "path": "/nix/store/gvys8kz8pdw62ch2x7k25rrmcw3mqnrw-nodejs-22.12.0-libv8"
            }
          ],
          "store_path": "/nix/store/6fnlali5gqihxs02adk1bdzjsya9cacp-nodejs-22.12.0"
        },
        "x86_64-linux": {
          "outputs": [
            {
              "name": "out",
              "path": "/nix/store/k1r91cjalyc2mzzllpv5hklhqn8wvgjr-nodejs-22.12.0",
              "default": true
            },
            {
              "name": "libv8",
              "path": "/nix/store/n7x07hrc6sjhh6as6c75g15blq1c1ykh-nodejs-22.12.0-libv8"
            }
          ],
          "store_path": "/nix/store/k1r91cjalyc2mzzllpv5hklhqn8wvgjr-nodejs-22.12.0"
        }
      }
    },
    "openssl@latest": {
      "last_modified": "2025-12-05T06:24:47Z",
      "resolved": "github:NixOS/nixpkgs/42e29df35be6ef54091d3a3b4e97056ce0a98ce8#openssl",
      "source": "devbox-search",
      "version": "3.6.0",
      "systems": {
        "aarch64-darwin": {
          "outputs": [
            {
              "name": "bin",
              "path": "/nix/store/z9prisxci5h5lsk3rdknd4jzq7k9q13d-openssl-3.6.0-bin",
              "default": true
            },
            {
              "name": "man",
              "path": "/nix/store/ii9mnzr3i92mgk9dkgg65739mavd0j6f-openssl-3.6.0-man",
              "default": true
            },
            {
              "name": "dev",
              "path": "/nix/store/h0qgqik0mk0wn7rmm2kk3grfi1wzly74-openssl-3.6.0-dev"
            },
            {
              "name": "doc",
              "path": "/nix/store/yx3ip21fdaaxpjn5fbir02mqnaw9cm4f-openssl-3.6.0-doc"
            },
            {
              "name": "out",
              "path": "/nix/store/3z54dgks2mz3dhwddj158sdibll8xmq5-openssl-3.6.0"
            }
          ],
          "store_path": "/nix/store/z9prisxci5h5lsk3rdknd4jzq7k9q13d-openssl-3.6.0-bin"
        },
        "aarch64-linux": {
          "outputs": [
            {
              "name": "bin",
              "path": "/nix/store/wb6q44n9kcb5acmaa4rgqsajadx1fhhl-openssl-3.6.0-bin",
              "default": true
            },
            {
              "name": "man",
              "path": "/nix/store/c9n1alb7ypzjvzd47m16fiwfczz23qs3-openssl-3.6.0-man",
              "default": true
            },
            {
              "name": "debug",
              "path": "/nix/store/ci6d4k1sj4bnr892lsrqqmjiihqsk0bl-openssl-3.6.0-debug"
            },
            {
              "name": "dev",
              "path": "/nix/store/pq8b7fb3282g68pmk14mbyi20qn6chid-openssl-3.6.0-dev"
            },
            {
              "name": "doc",
              "path": "/nix/store/vaplp6w56dyz38986bgkf0pbg3r486b2-openssl-3.6.0-doc"
            },
            {
              "name": "out",
              "path": "/nix/store/nj50gkyx813dxvfmsg1q8m330hmf3h86-openssl-3.6.0"
            }
          ],
          "store_path": "/nix/store/wb6q44n9kcb5acmaa4rgqsajadx1fhhl-openssl-3.6.0-bin"
        },
        "x86_64-darwin": {
          "outputs": [
            {
              "name": "bin",
              "path": "/nix/store/m3xwn9n0jypwjgi256idfzs979g30j29-openssl-3.6.0-bin",
              "default": true
            },
            {
              "name": "man",
              "path": "/nix/store/hw43f3y1vl7ydrd4samnwnrwqqwkpisv-openssl-3.6.0-man",
              "default": true
            },
            {
              "name": "dev",
              "path": "/nix/store/dirjrfjk8jgsbdpslgb51cav6qaxn2vm-openssl-3.6.0-dev"
            },
            {
              "name": "doc",
              "path": "/nix/store/va1zhkz0nfmycvd0h239hi4w40qgaxcx-openssl-3.6.0-doc"
            },
            {
              "name": "out",
              "path": "/nix/store/q9a4wssx24xsy28w8kifdqizc01fh7sc-openssl-3.6.0"
            }
          ],
          "store_path": "/nix/store/m3xwn9n0jypwjgi256idfzs979g30j29-openssl-3.6.0-bin"
        },
        "x86_64-linux": {
          "outputs": [
            {
              "name": "bin",
              "path": "/nix/store/k0gl1zc7f5hk87lylxwbipb0b870bcmk-openssl-3.6.0-bin",
              "default": true
            },
            {
              "name": "man",
              "path": "/nix/store/a9jdl6xq9fc98ykpvqmc9kf0b0j9y8wh-openssl-3.6.0-man",
              "default": true
            },
            {
              "name": "debug",
              "path": "/nix/store/sqv8kbdgfxlr2d6nysr8c2715qpsi6f5-openssl-3.6.0-debug"
            },
            {
              "name": "dev",
              "path": "/nix/store/ydrckgnllgg8nmhdwni81h7xhcpnrlhd-openssl-3.6.0-dev"
            },
            {
              "name": "doc",
              "path": "/nix/store/cgp9ig35iwicfb9spcrgyg2m5dmlcgrv-openssl-3.6.0-doc"
            },
            {
              "name": "out",
              "path": "/nix/store/61i74yjkj9p1qphfl7018ja4sdwkipx0-openssl-3.6.0"
            }
          ],
          "store_path": "/nix/store/k0gl1zc7f5hk87lylxwbipb0b870bcmk-openssl-3.6.0-bin"
        }
      }
    },
    "pkg-config@latest": {
      "last_modified": "2025-11-23T21:50:36Z",
      "resolved": "github:NixOS/nixpkgs/ee09932cedcef15aaf476f9343d1dea2cb77e261#pkg-config",
      "source": "devbox-search",
      "version": "0.29.2",
      "systems": {
        "aarch64-darwin": {
          "outputs": [
            {
              "name": "out",
              "path": "/nix/store/hygaaqwk9ylklp0ybwppqhw75nz8ya41-pkg-config-wrapper-0.29.2",
              "default": true
            },
            {
              "name": "man",
              "path": "/nix/store/9px0sji43x3r2w4zxl3j3idwsql7lwxx-pkg-config-wrapper-0.29.2-man",
              "default": true
            },
            {
              "name": "doc",
              "path": "/nix/store/hqk44ra6qxw7iixardl6c3hdgb9kq6ns-pkg-config-wrapper-0.29.2-doc"
            }
          ],
          "store_path": "/nix/store/hygaaqwk9ylklp0ybwppqhw75nz8ya41-pkg-config-wrapper-0.29.2"
        },
        "aarch64-linux": {
          "outputs": [
            {
              "name": "out",
              "path": "/nix/store/lbiigi8qbp7mzf1lpr7p982l1kyf01ql-pkg-config-wrapper-0.29.2",
              "default": true
            },
            {
              "name": "man",
              "path": "/nix/store/10060k24qggqyzlwdsfmni9y32zxcg0j-pkg-config-wrapper-0.29.2-man",
              "default": true
            },
            {
              "name": "doc",
              "path": "/nix/store/0y4v51ndpyvkj09hwlfqkz0c3h17zfmc-pkg-config-wrapper-0.29.2-doc"
            }
          ],
          "store_path": "/nix/store/lbiigi8qbp7mzf1lpr7p982l1kyf01ql-pkg-config-wrapper-0.29.2"
        },
        "x86_64-darwin": {
          "outputs": [
            {
              "name": "out",
              "path": "/nix/store/vknadizq0q5kffvx6y4379p9gdry9zq3-pkg-config-wrapper-0.29.2",
              "default": true
            },
            {
              "name": "man",
              "path": "/nix/store/1nyspra675q22gfhf7hn2nmfpi6rgim5-pkg-config-wrapper-0.29.2-man",
              "default": true
            },
            {
              "name": "doc",
              "path": "/nix/store/7lq1axxwrafwljs06n88bzyz9w523rkc-pkg-config-wrapper-0.29.2-doc"
            }
          ],
          "store_path": "/nix/store/vknadizq0q5kffvx6y4379p9gdry9zq3-pkg-config-wrapper-0.29.2"
        },
        "x86_64-linux": {
          "outputs": [
            {
              "name": "out",
              "path": "/nix/store/8vdiwpbh0g4avsd6x5v4s0di32vcl3dp-pkg-config-wrapper-0.29.2",
              "default": true
            },
            {
              "name": "man",
              "path": "/nix/store/j9xfpnrygg3v37svc5pfin9q5bm49r94-pkg-config-wrapper-0.29.2-man",
              "default": true
            },
            {
              "name": "doc",
              "path": "/nix/store/x3bypxdxaq20kykybhkf21x4jczsiy8y-pkg-config-wrapper-0.29.2-doc"
            }
          ],
          "store_path": "/nix/store/8vdiwpbh0g4avsd6x5v4s0di32vcl3dp-pkg-config-wrapper-0.29.2"
        }
      }
    },
    "postgresql@15.7": {
      "last_modified": "2024-08-14T02:42:29Z",
      "plugin_version": "0.0.2",
      "resolved": "github:NixOS/nixpkgs/daf7bb95821b789db24fc1ac21f613db0c1bf2cb#postgresql",
      "source": "devbox-search",
      "version": "15.7",
      "systems": {
        "aarch64-darwin": {
          "outputs": [
            {
              "name": "out",
              "path": "/nix/store/j063gkab0kj312p0r5wlwh8hhs3ivmmv-postgresql-15.7",
              "default": true
            },
            {
              "name": "man",
              "path": "/nix/store/83zyb6qnvn85ilfb4g03yr8zjnc4kw5c-postgresql-15.7-man",
              "default": true
            },
            {
              "name": "doc",
              "path": "/nix/store/w98l40gkbw15cxjajs9wr9aaz1zqq8pv-postgresql-15.7-doc"
            },
            {
              "name": "lib",
              "path": "/nix/store/2lqmjj3nwingqsajwgwym4jjl1plqrxd-postgresql-15.7-lib"
            }
          ],
          "store_path": "/nix/store/j063gkab0kj312p0r5wlwh8hhs3ivmmv-postgresql-15.7"
        },
        "aarch64-linux": {
          "outputs": [
            {
              "name": "out",
              "path": "/nix/store/bm08f8k2gyndfq1mszvdm07jnmwr6nlf-postgresql-15.7",
              "default": true
            },
            {
              "name": "man",
              "path": "/nix/store/yd6qvs38zm55271230hfn4j0rd4029ca-postgresql-15.7-man",
              "default": true
            },
            {
              "name": "debug",
              "path": "/nix/store/m8kdahlx418v1x8pvbjja5zbl8ix4hff-postgresql-15.7-debug"
            },
            {
              "name": "doc",
              "path": "/nix/store/nw2ng4sh1vzih1rrfzlivd2c7ifh9zm2-postgresql-15.7-doc"
            },
            {
              "name": "lib",
              "path": "/nix/store/fvs07mhcygpwy41jhw34kq7ghlcnv4nf-postgresql-15.7-lib"
            }
          ],
          "store_path": "/nix/store/bm08f8k2gyndfq1mszvdm07jnmwr6nlf-postgresql-15.7"
        },
        "x86_64-darwin": {
          "outputs": [
            {
              "name": "out",
              "path": "/nix/store/q4h9xjc0804xkcb0l7kxmp8rbqadlpg9-postgresql-15.7",
              "default": true
            },
            {
              "name": "man",
              "path": "/nix/store/22xrk7r5c4bh12wnmh4xssd1xk06b96l-postgresql-15.7-man",
              "default": true
            },
            {
              "name": "doc",
              "path": "/nix/store/4ynkh5cclgi0jcg42868z764irl32dx3-postgresql-15.7-doc"
            },
            {
              "name": "lib",
              "path": "/nix/store/4bqzgkyvzc7c7i955raibmaqabffsi4y-postgresql-15.7-lib"
            }
          ],
          "store_path": "/nix/store/q4h9xjc0804xkcb0l7kxmp8rbqadlpg9-postgresql-15.7"
        },
        "x86_64-linux": {
          "outputs": [
            {
              "name": "out",
              "path": "/nix/store/8gr5ybhmdkafii5idcg57p66nk1qd6sf-postgresql-15.7",
              "default": true
            },
            {
              "name": "man",
              "path": "/nix/store/0j6lskwq3imd8gdwy5rz9sjmn3c41qbc-postgresql-15.7-man",
              "default": true
            },
            {
              "name": "debug",
              "path": "/nix/store/xw1fhj72fzrlkvapaf1spx19ixqm7394-postgresql-15.7-debug"
            },
            {
              "name": "doc",
              "path": "/nix/store/01snq9n6ka7zkb4dp7k639mbb5p0v5qi-postgresql-15.7-doc"
            },
            {
              "name": "lib",
              "path": "/nix/store/9xj29q1wf5wazv63hn5dxlwsp8k3h5lc-postgresql-15.7-lib"
            }
          ],
          "store_path": "/nix/store/8gr5ybhmdkafii5idcg57p66nk1qd6sf-postgresql-15.7"
        }
      }
    },
    "prettier@latest": {
      "last_modified": "2026-03-21T07:29:51Z",
      "resolved": "github:NixOS/nixpkgs/09061f748ee21f68a089cd5d91ec1859cd93d0be#prettier",
      "source": "devbox-search",
      "version": "3.6.2",
      "systems": {
        "aarch64-darwin": {
          "outputs": [
            {
              "name": "out",
              "path": "/nix/store/r48azz4l39w96zn152ybpcqxpkqpziz8-prettier-3.6.2",
              "default": true
            }
          ],
          "store_path": "/nix/store/r48azz4l39w96zn152ybpcqxpkqpziz8-prettier-3.6.2"
        },
        "aarch64-linux": {
          "outputs": [
            {
              "name": "out",
              "path": "/nix/store/7vz0hyz8ysq4759y6mn931rx1zvn56hc-prettier-3.6.2",
              "default": true
            }
          ],
          "store_path": "/nix/store/7vz0hyz8ysq4759y6mn931rx1zvn56hc-prettier-3.6.2"
        },
        "x86_64-darwin": {
          "outputs": [
            {
              "name": "out",
              "path": "/nix/store/ynj49sr067m60y1v7vs31k2iqc7n894a-prettier-3.6.2",
              "default": true
            }
          ],
          "store_path": "/nix/store/ynj49sr067m60y1v7vs31k2iqc7n894a-prettier-3.6.2"
        },
        "x86_64-linux": {
          "outputs": [
            {
              "name": "out",
              "path": "/nix/store/afhc5ydqajy6c848ylslxgxfqqi4c7mf-prettier-3.6.2",
              "default": true
            }
          ],
          "store_path": "/nix/store/afhc5ydqajy6c848ylslxgxfqqi4c7mf-prettier-3.6.2"
        }
      }
    },
    "ruby@3.3.0": {
      "last_modified": "2024-05-01T20:12:28Z",
      "plugin_version": "0.0.2",
      "resolved": "github:NixOS/nixpkgs/1c74cc292b61614e74c1cf0d372f79d57fb4936b#ruby_3_3",
      "source": "devbox-search",
      "version": "3.3.0",
      "systems": {
        "aarch64-darwin": {
          "outputs": [
            {
              "name": "out",
              "path": "/nix/store/v2985rr69yd20k3gpv0h0xfncx7fz7ri-ruby-3.3.0",
              "default": true
            },
            {
              "name": "devdoc",
              "path": "/nix/store/ad7zlahvwsdwpy4rl2j4874zm48r9r52-ruby-3.3.0-devdoc"
            }
          ],
          "store_path": "/nix/store/v2985rr69yd20k3gpv0h0xfncx7fz7ri-ruby-3.3.0"
        },
        "aarch64-linux": {
          "outputs": [
            {
              "name": "out",
              "path": "/nix/store/sb5npxqnf38ganslr4211lwsdakq7vp9-ruby-3.3.0",
              "default": true
            },
            {
              "name": "devdoc",
              "path": "/nix/store/ddkprabv23gcxri2hq18mjivjn98s2md-ruby-3.3.0-devdoc"
            }
          ],
          "store_path": "/nix/store/sb5npxqnf38ganslr4211lwsdakq7vp9-ruby-3.3.0"
        },
        "x86_64-darwin": {
          "outputs": [
            {
              "name": "out",
              "path": "/nix/store/qjgy5y7q07naykii8jc4c94kn0bgb8gq-ruby-3.3.0",
              "default": true
            },
            {
              "name": "devdoc",
              "path": "/nix/store/j7vfiblaw5mslksm31s6jfc8am832sp8-ruby-3.3.0-devdoc"
            }
          ],
          "store_path": "/nix/store/qjgy5y7q07naykii8jc4c94kn0bgb8gq-ruby-3.3.0"
        },
        "x86_64-linux": {
          "outputs": [
            {
              "name": "out",
              "path": "/nix/store/sbwg3visqb0njszbkarj645azj00951m-ruby-3.3.0",
              "default": true
            },
            {
              "name": "devdoc",
              "path": "/nix/store/3d7k5b5dwl0iyw86id8w1brrlbrd3szj-ruby-3.3.0-devdoc"
            }
          ],
          "store_path": "/nix/store/sbwg3visqb0njszbkarj645azj00951m-ruby-3.3.0"
        }
      }
    },
    "tzdata@latest": {
      "last_modified": "2024-01-27T14:55:31Z",
      "resolved": "github:NixOS/nixpkgs/160b762eda6d139ac10ae081f8f78d640dd523eb#tzdata",
      "source": "devbox-search",
      "version": "2023d",
      "systems": {
        "aarch64-darwin": {
          "outputs": [
            {
              "name": "out",
              "path": "/nix/store/qihv1cy24b08lc3a6qp5zn52q06ra3rg-tzdata-2023d",
              "default": true
            },
            {
              "name": "bin",
              "path": "/nix/store/17jb9ngqqr08kqv4cvj91c1zxvcnwc0y-tzdata-2023d-bin",
              "default": true
            },
            {
              "name": "man",
              "path": "/nix/store/f95jjgxpmnbjlcpsqyv288ia2pb63wqf-tzdata-2023d-man",
              "default": true
            },
            {
              "name": "dev",
              "path": "/nix/store/3aj01xyrxclmn3avvrxd3fah4lkrf7m0-tzdata-2023d-dev"
            }
          ],
          "store_path": "/nix/store/qihv1cy24b08lc3a6qp5zn52q06ra3rg-tzdata-2023d"
        },
        "aarch64-linux": {
          "outputs": [
            {
              "name": "out",
              "path": "/nix/store/aiiq5hvkyy7pywakl2xfnyz4zndlvx65-tzdata-2023d",
              "default": true
            },
            {
              "name": "bin",
              "path": "/nix/store/vwi972fj283bqj8dca68ida4lmqh5b39-tzdata-2023d-bin",
              "default": true
            },
            {
              "name": "man",
              "path": "/nix/store/a8qnx1hfn7sp8sj57z3j4mmnxbi5wvqy-tzdata-2023d-man",
              "default": true
            },
            {
              "name": "dev",
              "path": "/nix/store/k2zidh6xskd3avzzszxfm0j352bh6hbd-tzdata-2023d-dev"
            }
          ],
          "store_path": "/nix/store/aiiq5hvkyy7pywakl2xfnyz4zndlvx65-tzdata-2023d"
        },
        "x86_64-darwin": {
          "outputs": [
            {
              "name": "out",
              "path": "/nix/store/nic7wzd4zq2w93r6s80j9m99495wyhvd-tzdata-2023d",
              "default": true
            },
            {
              "name": "bin",
              "path": "/nix/store/17h32yzbdz7dky373il2mmcmrqxf3fmc-tzdata-2023d-bin",
              "default": true
            },
            {
              "name": "man",
              "path": "/nix/store/r4vbd5h7wc4gwnqcvl83aq3pd54pmi25-tzdata-2023d-man",
              "default": true
            },
            {
              "name": "dev",
              "path": "/nix/store/ladf1baj6zddzshrf973rvcz7ypm44if-tzdata-2023d-dev"
            }
          ],
          "store_path": "/nix/store/nic7wzd4zq2w93r6s80j9m99495wyhvd-tzdata-2023d"
        },
        "x86_64-linux": {
          "outputs": [
            {
              "name": "out",
              "path": "/nix/store/g4bk1chlkfw18f6zkljygxp3r4yi8m48-tzdata-2023d",
              "default": true
            },
            {
              "name": "bin",
              "path": "/nix/store/qlrwnhfpzxkv9rgahj4pvzmnsdd6arz6-tzdata-2023d-bin",
              "default": true
            },
            {
              "name": "man",
              "path": "/nix/store/pc2x3i333s77yihq834n0fk3al5ycw52-tzdata-2023d-man",
              "default": true
            },
            {
              "name": "dev",
              "path": "/nix/store/8rk887ij71jd4a6w01m591pxi0qrd6w2-tzdata-2023d-dev"
            }
          ],
          "store_path": "/nix/store/g4bk1chlkfw18f6zkljygxp3r4yi8m48-tzdata-2023d"
        }
      }
    },
    "yarn@1.22.22": {
      "last_modified": "2026-03-21T07:29:51Z",
      "resolved": "github:NixOS/nixpkgs/09061f748ee21f68a089cd5d91ec1859cd93d0be#yarn",
      "source": "devbox-search",
      "version": "1.22.22",
      "systems": {
        "aarch64-darwin": {
          "outputs": [
            {
              "name": "out",
              "path": "/nix/store/59yqhmvbl7bsyv5qc30nmrpaf4iqj79h-yarn-1.22.22",
              "default": true
            }
          ],
          "store_path": "/nix/store/59yqhmvbl7bsyv5qc30nmrpaf4iqj79h-yarn-1.22.22"
        },
        "aarch64-linux": {
          "outputs": [
            {
              "name": "out",
              "path": "/nix/store/ybspc2b9q9j9drfpa5d1bmw2qgrkx4qc-yarn-1.22.22",
              "default": true
            }
          ],
          "store_path": "/nix/store/ybspc2b9q9j9drfpa5d1bmw2qgrkx4qc-yarn-1.22.22"
        },
        "x86_64-darwin": {
          "outputs": [
            {
              "name": "out",
              "path": "/nix/store/8j2xmk7ijy7nijpy2yc3mcjf7hxpnpyl-yarn-1.22.22",
              "default": true
            }
          ],
          "store_path": "/nix/store/8j2xmk7ijy7nijpy2yc3mcjf7hxpnpyl-yarn-1.22.22"
        },
        "x86_64-linux": {
          "outputs": [
            {
              "name": "out",
              "path": "/nix/store/g1ksanljq7v16gj8yb7zs6wkv7ikycy3-yarn-1.22.22",
              "default": true
            }
          ],
          "store_path": "/nix/store/g1ksanljq7v16gj8yb7zs6wkv7ikycy3-yarn-1.22.22"
        }
      }
    }
  }
}
